
Microsoft Visual Studio Solution File, Format Version 12.00
# Visual Studio Version 16
VisualStudioVersion = 16.0.31424.327
MinimumVisualStudioVersion = 10.0.40219.1
Project("{FAE04EC0-301F-11D3-BF4B-00C04F79EFBC}") = "Singleton", "Singleton\Singleton.csproj", "{4EEDFBD9-8FFB-4755-AD05-BAE8E0D685EE}"
EndProject
Global
	GlobalSection(SolutionConfigurationPlatforms) = preSolution
		Debug|Any CPU = Debug|Any CPU
		Release|Any CPU = Release|Any CPU
	EndGlobalSection
	GlobalSection(ProjectConfigurationPlatforms) = postSolution
		{4EEDFBD9-8FFB-4755-AD05-BAE8E0D685EE}.Debug|Any CPU.ActiveCfg = Debug|Any CPU
		{4EEDFBD9-8FFB-4755-AD05-BAE8E0D685EE}.Debug|Any CPU.Build.0 = Debug|Any CPU
		{4EEDFBD9-8FFB-4755-AD05-BAE8E0D685EE}.Release|Any CPU.ActiveCfg = Release|Any CPU
		{4EEDFBD9-8FFB-4755-AD05-BAE8E0D685EE}.Release|Any CPU.Build.0 = Release|Any CPU
	EndGlobalSection
	GlobalSection(SolutionProperties) = preSolution
		HideSolutionNode = FALSE
	EndGlobalSection
	GlobalSection(ExtensibilityGlobals) = postSolution
		SolutionGuid = {B309904C-D714-41E1-B7EB-3A7318F88C9E}
	EndGlobalSection
EndGlobal
